
Microsoft Visual Studio Solution File, Format Version 12.00
# Visual Studio 2013
VisualStudioVersion = 12.0.31101.0
MinimumVisualStudioVersion = 10.0.40219.1
Project("{F2A71F9B-5D33-465A-A702-920D77279786}") = "FMol", "FMol\FMol.fsproj", "{C4762536-A177-4F9A-ABFE-EC681F7B720F}"
EndProject
Project("{F2A71F9B-5D33-465A-A702-920D77279786}") = "FMol.Tests", "FMol.Tests\FMol.Tests.fsproj", "{C494CE3F-8A77-4984-858C-A0A42CFD316B}"
EndProject
Project("{2150E333-8FDC-42A3-9474-1A3956D46DE8}") = ".nuget", ".nuget", "{8A9FB22B-75DB-484E-ACC3-7445370059C8}"
	ProjectSection(SolutionItems) = preProject
		.nuget\packages.config = .nuget\packages.config
	EndProjectSection
EndProject
Global
	GlobalSection(SolutionConfigurationPlatforms) = preSolution
		Debug|Any CPU = Debug|Any CPU
		Release|Any CPU = Release|Any CPU
	EndGlobalSection
	GlobalSection(ProjectConfigurationPlatforms) = postSolution
		{C4762536-A177-4F9A-ABFE-EC681F7B720F}.Debug|Any CPU.ActiveCfg = Debug|Any CPU
		{C4762536-A177-4F9A-ABFE-EC681F7B720F}.Debug|Any CPU.Build.0 = Debug|Any CPU
		{C4762536-A177-4F9A-ABFE-EC681F7B720F}.Release|Any CPU.ActiveCfg = Release|Any CPU
		{C4762536-A177-4F9A-ABFE-EC681F7B720F}.Release|Any CPU.Build.0 = Release|Any CPU
		{C494CE3F-8A77-4984-858C-A0A42CFD316B}.Debug|Any CPU.ActiveCfg = Debug|Any CPU
		{C494CE3F-8A77-4984-858C-A0A42CFD316B}.Debug|Any CPU.Build.0 = Debug|Any CPU
		{C494CE3F-8A77-4984-858C-A0A42CFD316B}.Release|Any CPU.ActiveCfg = Release|Any CPU
		{C494CE3F-8A77-4984-858C-A0A42CFD316B}.Release|Any CPU.Build.0 = Release|Any CPU
	EndGlobalSection
	GlobalSection(SolutionProperties) = preSolution
		HideSolutionNode = FALSE
	EndGlobalSection
EndGlobal
